
Microsoft Visual Studio Solution File, Format Version 12.00
# Visual Studio Version 16
VisualStudioVersion = 16.0.30011.22
MinimumVisualStudioVersion = 10.0.40219.1
Project("{FAE04EC0-301F-11D3-BF4B-00C04F79EFBC}") = "HVACLoad", "HVACLoad.csproj", "{869EA9EB-1BC3-4582-9FDA-BF98709E5072}"
EndProject
Global
	GlobalSection(SolutionConfigurationPlatforms) = preSolution
		Debug|Any CPU = Debug|Any CPU
		Release|Any CPU = Release|Any CPU
	EndGlobalSection
	GlobalSection(ProjectConfigurationPlatforms) = postSolution
		{869EA9EB-1BC3-4582-9FDA-BF98709E5072}.Debug|Any CPU.ActiveCfg = Debug|Any CPU
		{869EA9EB-1BC3-4582-9FDA-BF98709E5072}.Debug|Any CPU.Build.0 = Debug|Any CPU
		{869EA9EB-1BC3-4582-9FDA-BF98709E5072}.Release|Any CPU.ActiveCfg = Release|Any CPU
		{869EA9EB-1BC3-4582-9FDA-BF98709E5072}.Release|Any CPU.Build.0 = Release|Any CPU
	EndGlobalSection
	GlobalSection(SolutionProperties) = preSolution
		HideSolutionNode = FALSE
	EndGlobalSection
	GlobalSection(ExtensibilityGlobals) = postSolution
		SolutionGuid = {29C0336D-8898-4A20-B8BD-5E01B57C2D66}
	EndGlobalSection
EndGlobal
